
Microsoft Visual Studio Solution File, Format Version 12.00
# Visual Studio Version 16
VisualStudioVersion = 16.0.29424.173
MinimumVisualStudioVersion = 10.0.40219.1
Project("{FAE04EC0-301F-11D3-BF4B-00C04F79EFBC}") = "Consumer", "Consumer\Consumer.csproj", "{84562907-5D9B-48CC-B092-4F40B73175EB}"
EndProject
Project("{FAE04EC0-301F-11D3-BF4B-00C04F79EFBC}") = "Producer", "Producer\Producer.csproj", "{CE18B40F-AA1B-4676-886C-9CAC2C2682B4}"
EndProject
Global
	GlobalSection(SolutionConfigurationPlatforms) = preSolution
		Debug|Any CPU = Debug|Any CPU
		Release|Any CPU = Release|Any CPU
	EndGlobalSection
	GlobalSection(ProjectConfigurationPlatforms) = postSolution
		{84562907-5D9B-48CC-B092-4F40B73175EB}.Debug|Any CPU.ActiveCfg = Debug|Any CPU
		{84562907-5D9B-48CC-B092-4F40B73175EB}.Debug|Any CPU.Build.0 = Debug|Any CPU
		{84562907-5D9B-48CC-B092-4F40B73175EB}.Release|Any CPU.ActiveCfg = Release|Any CPU
		{84562907-5D9B-48CC-B092-4F40B73175EB}.Release|Any CPU.Build.0 = Release|Any CPU
		{CE18B40F-AA1B-4676-886C-9CAC2C2682B4}.Debug|Any CPU.ActiveCfg = Debug|Any CPU
		{CE18B40F-AA1B-4676-886C-9CAC2C2682B4}.Debug|Any CPU.Build.0 = Debug|Any CPU
		{CE18B40F-AA1B-4676-886C-9CAC2C2682B4}.Release|Any CPU.ActiveCfg = Release|Any CPU
		{CE18B40F-AA1B-4676-886C-9CAC2C2682B4}.Release|Any CPU.Build.0 = Release|Any CPU
	EndGlobalSection
	GlobalSection(SolutionProperties) = preSolution
		HideSolutionNode = FALSE
	EndGlobalSection
	GlobalSection(ExtensibilityGlobals) = postSolution
		SolutionGuid = {51AAA4A4-C29E-4889-A014-54244911624B}
	EndGlobalSection
EndGlobal
